// !$*UTF8*$!
{
	archiveVersion = 1;
	classes = {
	};
	objectVersion = 46;
	objects = {

/* Begin PBXBuildFile section */
		019EF91C1C3260BD001C551A /* ThreeModel.m in Sources */ = {isa = PBXBuildFile; fileRef = 019EF9171C3260BD001C551A /* ThreeModel.m */; };
		019EF91D1C3260BD001C551A /* ThreeTableViewCell.m in Sources */ = {isa = PBXBuildFile; fileRef = 019EF9191C3260BD001C551A /* ThreeTableViewCell.m */; };
		019EF91E1C3260BD001C551A /* ThreeViewController.m in Sources */ = {isa = PBXBuildFile; fileRef = 019EF91B1C3260BD001C551A /* ThreeViewController.m */; };
		7A0C48031C32229400E68053 /* main.m in Sources */ = {isa = PBXBuildFile; fileRef = 7A0C48021C32229400E68053 /* main.m */; };
		7A0C48061C32229400E68053 /* AppDelegate.m in Sources */ = {isa = PBXBuildFile; fileRef = 7A0C48051C32229400E68053 /* AppDelegate.m */; };
		7A0C48081C32229400E68053 /* Assets.xcassets in Resources */ = {isa = PBXBuildFile; fileRef = 7A0C48071C32229400E68053 /* Assets.xcassets */; };
		7A0C480B1C32229500E68053 /* LaunchScreen.storyboard in Resources */ = {isa = PBXBuildFile; fileRef = 7A0C48091C32229500E68053 /* LaunchScreen.storyboard */; };
		7A0C48141C3222B300E68053 /* OneViewController.m in Sources */ = {isa = PBXBuildFile; fileRef = 7A0C48131C3222B300E68053 /* OneViewController.m */; };
		7A0C481A1C3229F900E68053 /* OneTableViewCell.m in Sources */ = {isa = PBXBuildFile; fileRef = 7A0C48191C3229F900E68053 /* OneTableViewCell.m */; };
		7A0C481D1C322A0A00E68053 /* OneModel.m in Sources */ = {isa = PBXBuildFile; fileRef = 7A0C481C1C322A0A00E68053 /* OneModel.m */; };
		7A0C488E1C323A0100E68053 /* 01-refresh.png in Resources */ = {isa = PBXBuildFile; fileRef = 7A0C481F1C323A0100E68053 /* 01-refresh.png */; };
		7A0C488F1C323A0100E68053 /* 02-redo.png in Resources */ = {isa = PBXBuildFile; fileRef = 7A0C48201C323A0100E68053 /* 02-redo.png */; };
		7A0C48901C323A0100E68053 /* 03-loopback.png in Resources */ = {isa = PBXBuildFile; fileRef = 7A0C48211C323A0100E68053 /* 03-loopback.png */; };
		7A0C48911C323A0100E68053 /* 04-squiggle.png in Resources */ = {isa = PBXBuildFile; fileRef = 7A0C48221C323A0100E68053 /* 04-squiggle.png */; };
		7A0C48921C323A0100E68053 /* 05-shuffle.png in Resources */ = {isa = PBXBuildFile; fileRef = 7A0C48231C323A0100E68053 /* 05-shuffle.png */; };
		7A0C48931C323A0100E68053 /* 06-magnifying-glass.png in Resources */ = {isa = PBXBuildFile; fileRef = 7A0C48241C323A0100E68053 /* 06-magnifying-glass.png */; };
		7A0C48941C323A0100E68053 /* 07-map-marker.png in Resources */ = {isa = PBXBuildFile; fileRef = 7A0C48251C323A0100E68053 /* 07-map-marker.png */; };
		7A0C48951C323A0100E68053 /* 08-chat.png in Resources */ = {isa = PBXBuildFile; fileRef = 7A0C48261C323A0100E68053 /* 08-chat.png */; };
		7A0C48961C323A0100E68053 /* 09-chat2.png in Resources */ = {isa = PBXBuildFile; fileRef = 7A0C48271C323A0100E68053 /* 09-chat2.png */; };
		7A0C48971C323A0100E68053 /* 10-medical.png in Resources */ = {isa = PBXBuildFile; fileRef = 7A0C48281C323A0100E68053 /* 10-medical.png */; };
		7A0C48981C323A0100E68053 /* 100-coffee.png in Resources */ = {isa = PBXBuildFile; fileRef = 7A0C48291C323A0100E68053 /* 100-coffee.png */; };
		7A0C48991C323A0100E68053 /* 101-gameplan.png in Resources */ = {isa = PBXBuildFile; fileRef = 7A0C482A1C323A0100E68053 /* 101-gameplan.png */; };
		7A0C489A1C323A0100E68053 /* 102-walk.png in Resources */ = {isa = PBXBuildFile; fileRef = 7A0C482B1C323A0100E68053 /* 102-walk.png */; };
		7A0C489B1C323A0100E68053 /* 103-map.png in Resources */ = {isa = PBXBuildFile; fileRef = 7A0C482C1C323A0100E68053 /* 103-map.png */; };
		7A0C489C1C323A0100E68053 /* 104-index-cards.png in Resources */ = {isa = PBXBuildFile; fileRef = 7A0C482D1C323A0100E68053 /* 104-index-cards.png */; };
		7A0C489D1C323A0100E68053 /* 105-piano.png in Resources */ = {isa = PBXBuildFile; fileRef = 7A0C482E1C323A0100E68053 /* 105-piano.png */; };
		7A0C489E1C323A0100E68053 /* 106-sliders.png in Resources */ = {isa = PBXBuildFile; fileRef = 7A0C482F1C323A0100E68053 /* 106-sliders.png */; };
		7A0C489F1C323A0100E68053 /* 107-widescreen.png in Resources */ = {isa = PBXBuildFile; fileRef = 7A0C48301C323A0100E68053 /* 107-widescreen.png */; };
		7A0C48A01C323A0100E68053 /* 108-badge.png in Resources */ = {isa = PBXBuildFile; fileRef = 7A0C48311C323A0100E68053 /* 108-badge.png */; };
		7A0C48A11C323A0100E68053 /* 109-chicken.png in Resources */ = {isa = PBXBuildFile; fileRef = 7A0C48321C323A0100E68053 /* 109-chicken.png */; };
		7A0C48A21C323A0100E68053 /* 11-clock.png in Resources */ = {isa = PBXBuildFile; fileRef = 7A0C48331C323A0100E68053 /* 11-clock.png */; };
		7A0C48A31C323A0100E68053 /* 110-bug.png in Resources */ = {isa = PBXBuildFile; fileRef = 7A0C48341C323A0100E68053 /* 110-bug.png */; };
		7A0C48A41C323A0100E68053 /* 12-eye.png in Resources */ = {isa = PBXBuildFile; fileRef = 7A0C48351C323A0100E68053 /* 12-eye.png */; };
		7A0C48A51C323A0100E68053 /* 13-target.png in Resources */ = {isa = PBXBuildFile; fileRef = 7A0C48361C323A0100E68053 /* 13-target.png */; };
		7A0C48A61C323A0100E68053 /* 14-tag.png in Resources */ = {isa = PBXBuildFile; fileRef = 7A0C48371C323A0100E68053 /* 14-tag.png */; };
		7A0C48A71C323A0100E68053 /* 15-tags.png in Resources */ = {isa = PBXBuildFile; fileRef = 7A0C48381C323A0100E68053 /* 15-tags.png */; };
		7A0C48A81C323A0100E68053 /* 16-line-chart.png in Resources */ = {isa = PBXBuildFile; fileRef = 7A0C48391C323A0100E68053 /* 16-line-chart.png */; };
		7A0C48A91C323A0100E68053 /* 17-bar-chart.png in Resources */ = {isa = PBXBuildFile; fileRef = 7A0C483A1C323A0100E68053 /* 17-bar-chart.png */; };
		7A0C48AA1C323A0100E68053 /* 18-envelope.png in Resources */ = {isa = PBXBuildFile; fileRef = 7A0C483B1C323A0100E68053 /* 18-envelope.png */; };
		7A0C48AB1C323A0100E68053 /* 19-gear.png in Resources */ = {isa = PBXBuildFile; fileRef = 7A0C483C1C323A0100E68053 /* 19-gear.png */; };
		7A0C48AC1C323A0100E68053 /* 20-gear2.png in Resources */ = {isa = PBXBuildFile; fileRef = 7A0C483D1C323A0100E68053 /* 20-gear2.png */; };
		7A0C48AD1C323A0100E68053 /* 21-skull.png in Resources */ = {isa = PBXBuildFile; fileRef = 7A0C483E1C323A0100E68053 /* 21-skull.png */; };
		7A0C48AE1C323A0100E68053 /* 22-skull-n-crossbones.png in Resources */ = {isa = PBXBuildFile; fileRef = 7A0C483F1C323A0100E68053 /* 22-skull-n-crossbones.png */; };
		7A0C48AF1C323A0100E68053 /* 23-bird.png in Resources */ = {isa = PBXBuildFile; fileRef = 7A0C48401C323A0100E68053 /* 23-bird.png */; };
		7A0C48B01C323A0100E68053 /* 24-gift.png in Resources */ = {isa = PBXBuildFile; fileRef = 7A0C48411C323A0100E68053 /* 24-gift.png */; };
		7A0C48B11C323A0100E68053 /* 25-weather.png in Resources */ = {isa = PBXBuildFile; fileRef = 7A0C48421C323A0100E68053 /* 25-weather.png */; };
		7A0C48B21C323A0100E68053 /* 26-bandaid.png in Resources */ = {isa = PBXBuildFile; fileRef = 7A0C48431C323A0100E68053 /* 26-bandaid.png */; };
		7A0C48B31C323A0100E68053 /* 27-planet.png in Resources */ = {isa = PBXBuildFile; fileRef = 7A0C48441C323A0100E68053 /* 27-planet.png */; };
		7A0C48B41C323A0100E68053 /* 28-star.png in Resources */ = {isa = PBXBuildFile; fileRef = 7A0C48451C323A0100E68053 /* 28-star.png */; };
		7A0C48B51C323A0100E68053 /* 29-heart.png in Resources */ = {isa = PBXBuildFile; fileRef = 7A0C48461C323A0100E68053 /* 29-heart.png */; };
		7A0C48B61C323A0100E68053 /* 30-key.png in Resources */ = {isa = PBXBuildFile; fileRef = 7A0C48471C323A0100E68053 /* 30-key.png */; };
		7A0C48B71C323A0100E68053 /* 31-ipod.png in Resources */ = {isa = PBXBuildFile; fileRef = 7A0C48481C323A0100E68053 /* 31-ipod.png */; };
		7A0C48B81C323A0100E68053 /* 32-iphone.png in Resources */ = {isa = PBXBuildFile; fileRef = 7A0C48491C323A0100E68053 /* 32-iphone.png */; };
		7A0C48B91C323A0100E68053 /* 33-cabinet.png in Resources */ = {isa = PBXBuildFile; fileRef = 7A0C484A1C323A0100E68053 /* 33-cabinet.png */; };
		7A0C48BA1C323A0100E68053 /* 34-coffee.png in Resources */ = {isa = PBXBuildFile; fileRef = 7A0C484B1C323A0100E68053 /* 34-coffee.png */; };
		7A0C48BB1C323A0100E68053 /* 35-shopping-bag.png in Resources */ = {isa = PBXBuildFile; fileRef = 7A0C484C1C323A0100E68053 /* 35-shopping-bag.png */; };
		7A0C48BC1C323A0100E68053 /* 36-toolbox.png in Resources */ = {isa = PBXBuildFile; fileRef = 7A0C484D1C323A0100E68053 /* 36-toolbox.png */; };
		7A0C48BD1C323A0100E68053 /* 37-suitcase.png in Resources */ = {isa = PBXBuildFile; fileRef = 7A0C484E1C323A0100E68053 /* 37-suitcase.png */; };
		7A0C48BE1C323A0100E68053 /* 38-airplane.png in Resources */ = {isa = PBXBuildFile; fileRef = 7A0C484F1C323A0100E68053 /* 38-airplane.png */; };
		7A0C48BF1C323A0100E68053 /* 39-spraycan.png in Resources */ = {isa = PBXBuildFile; fileRef = 7A0C48501C323A0100E68053 /* 39-spraycan.png */; };
		7A0C48C01C323A0100E68053 /* 40-inbox.png in Resources */ = {isa = PBXBuildFile; fileRef = 7A0C48511C323A0100E68053 /* 40-inbox.png */; };
		7A0C48C11C323A0100E68053 /* 41-picture-frame.png in Resources */ = {isa = PBXBuildFile; fileRef = 7A0C48521C323A0100E68053 /* 41-picture-frame.png */; };
		7A0C48C21C323A0100E68053 /* 42-photos.png in Resources */ = {isa = PBXBuildFile; fileRef = 7A0C48531C323A0100E68053 /* 42-photos.png */; };
		7A0C48C31C323A0100E68053 /* 43-film-roll.png in Resources */ = {isa = PBXBuildFile; fileRef = 7A0C48541C323A0100E68053 /* 43-film-roll.png */; };
		7A0C48C41C323A0100E68053 /* 44-shoebox.png in Resources */ = {isa = PBXBuildFile; fileRef = 7A0C48551C323A0100E68053 /* 44-shoebox.png */; };
		7A0C48C51C323A0100E68053 /* 45-movie1.png in Resources */ = {isa = PBXBuildFile; fileRef = 7A0C48561C323A0100E68053 /* 45-movie1.png */; };
		7A0C48C61C323A0100E68053 /* 46-movie2.png in Resources */ = {isa = PBXBuildFile; fileRef = 7A0C48571C323A0100E68053 /* 46-movie2.png */; };
		7A0C48C71C323A0100E68053 /* 47-fuel.png in Resources */ = {isa = PBXBuildFile; fileRef = 7A0C48581C323A0100E68053 /* 47-fuel.png */; };
		7A0C48C81C323A0100E68053 /* 48-fork-and-knife.png in Resources */ = {isa = PBXBuildFile; fileRef = 7A0C48591C323A0100E68053 /* 48-fork-and-knife.png */; };
		7A0C48C91C323A0100E68053 /* 49-battery.png in Resources */ = {isa = PBXBuildFile; fileRef = 7A0C485A1C323A0100E68053 /* 49-battery.png */; };
		7A0C48CA1C323A0100E68053 /* 50-beaker.png in Resources */ = {isa = PBXBuildFile; fileRef = 7A0C485B1C323A0100E68053 /* 50-beaker.png */; };
		7A0C48CB1C323A0100E68053 /* 51-outlet.png in Resources */ = {isa = PBXBuildFile; fileRef = 7A0C485C1C323A0100E68053 /* 51-outlet.png */; };
		7A0C48CC1C323A0100E68053 /* 52-pinetree.png in Resources */ = {isa = PBXBuildFile; fileRef = 7A0C485D1C323A0100E68053 /* 52-pinetree.png */; };
		7A0C48CD1C323A0100E68053 /* 53-house.png in Resources */ = {isa = PBXBuildFile; fileRef = 7A0C485E1C323A0100E68053 /* 53-house.png */; };
		7A0C48CE1C323A0100E68053 /* 54-lock.png in Resources */ = {isa = PBXBuildFile; fileRef = 7A0C485F1C323A0100E68053 /* 54-lock.png */; };
		7A0C48CF1C323A0100E68053 /* 55-network.png in Resources */ = {isa = PBXBuildFile; fileRef = 7A0C48601C323A0100E68053 /* 55-network.png */; };
		7A0C48D01C323A0100E68053 /* 56-cloud.png in Resources */ = {isa = PBXBuildFile; fileRef = 7A0C48611C323A0100E68053 /* 56-cloud.png */; };
		7A0C48D11C323A0100E68053 /* 57-download.png in Resources */ = {isa = PBXBuildFile; fileRef = 7A0C48621C323A0100E68053 /* 57-download.png */; };
		7A0C48D21C323A0100E68053 /* 58-bookmark.png in Resources */ = {isa = PBXBuildFile; fileRef = 7A0C48631C323A0100E68053 /* 58-bookmark.png */; };
		7A0C48D31C323A0100E68053 /* 59-flag.png in Resources */ = {isa = PBXBuildFile; fileRef = 7A0C48641C323A0100E68053 /* 59-flag.png */; };
		7A0C48D41C323A0100E68053 /* 60-signpost.png in Resources */ = {isa = PBXBuildFile; fileRef = 7A0C48651C323A0100E68053 /* 60-signpost.png */; };
		7A0C48D51C323A0100E68053 /* 61-brightness.png in Resources */ = {isa = PBXBuildFile; fileRef = 7A0C48661C323A0100E68053 /* 61-brightness.png */; };
		7A0C48D61C323A0100E68053 /* 62-contrast.png in Resources */ = {isa = PBXBuildFile; fileRef = 7A0C48671C323A0100E68053 /* 62-contrast.png */; };
		7A0C48D71C323A0100E68053 /* 63-runner.png in Resources */ = {isa = PBXBuildFile; fileRef = 7A0C48681C323A0100E68053 /* 63-runner.png */; };
		7A0C48D81C323A0100E68053 /* 64-zap.png in Resources */ = {isa = PBXBuildFile; fileRef = 7A0C48691C323A0100E68053 /* 64-zap.png */; };
		7A0C48D91C323A0100E68053 /* 65-note.png in Resources */ = {isa = PBXBuildFile; fileRef = 7A0C486A1C323A0100E68053 /* 65-note.png */; };
		7A0C48DA1C323A0100E68053 /* 66-microphone.png in Resources */ = {isa = PBXBuildFile; fileRef = 7A0C486B1C323A0100E68053 /* 66-microphone.png */; };
		7A0C48DB1C323A0100E68053 /* 67-tshirt.png in Resources */ = {isa = PBXBuildFile; fileRef = 7A0C486C1C323A0100E68053 /* 67-tshirt.png */; };
		7A0C48DC1C323A0100E68053 /* 68-paperclip.png in Resources */ = {isa = PBXBuildFile; fileRef = 7A0C486D1C323A0100E68053 /* 68-paperclip.png */; };
		7A0C48DD1C323A0100E68053 /* 69-display.png in Resources */ = {isa = PBXBuildFile; fileRef = 7A0C486E1C323A0100E68053 /* 69-display.png */; };
		7A0C48DE1C323A0100E68053 /* 70-tv.png in Resources */ = {isa = PBXBuildFile; fileRef = 7A0C486F1C323A0100E68053 /* 70-tv.png */; };
		7A0C48DF1C323A0100E68053 /* 71-compass.png in Resources */ = {isa = PBXBuildFile; fileRef = 7A0C48701C323A0100E68053 /* 71-compass.png */; };
		7A0C48E01C323A0100E68053 /* 72-pin.png in Resources */ = {isa = PBXBuildFile; fileRef = 7A0C48711C323A0100E68053 /* 72-pin.png */; };
		7A0C48E11C323A0100E68053 /* 73-radar.png in Resources */ = {isa = PBXBuildFile; fileRef = 7A0C48721C323A0100E68053 /* 73-radar.png */; };
		7A0C48E21C323A0100E68053 /* 74-location.png in Resources */ = {isa = PBXBuildFile; fileRef = 7A0C48731C323A0100E68053 /* 74-location.png */; };
		7A0C48E31C323A0100E68053 /* 75-phone.png in Resources */ = {isa = PBXBuildFile; fileRef = 7A0C48741C323A0100E68053 /* 75-phone.png */; };
		7A0C48E41C323A0100E68053 /* 76-baby.png in Resources */ = {isa = PBXBuildFile; fileRef = 7A0C48751C323A0100E68053 /* 76-baby.png */; };
		7A0C48E51C323A0100E68053 /* 77-ekg.png in Resources */ = {isa = PBXBuildFile; fileRef = 7A0C48761C323A0100E68053 /* 77-ekg.png */; };
		7A0C48E61C323A0100E68053 /* 78-stopwatch.png in Resources */ = {isa = PBXBuildFile; fileRef = 7A0C48771C323A0100E68053 /* 78-stopwatch.png */; };
		7A0C48E71C323A0100E68053 /* 79-medical-bag.png in Resources */ = {isa = PBXBuildFile; fileRef = 7A0C48781C323A0100E68053 /* 79-medical-bag.png */; };
		7A0C48E81C323A0100E68053 /* 80-shopping-cart.png in Resources */ = {isa = PBXBuildFile; fileRef = 7A0C48791C323A0100E68053 /* 80-shopping-cart.png */; };
		7A0C48E91C323A0100E68053 /* 81-dashboard.png in Resources */ = {isa = PBXBuildFile; fileRef = 7A0C487A1C323A0100E68053 /* 81-dashboard.png */; };
		7A0C48EA1C323A0100E68053 /* 82-dogpaw.png in Resources */ = {isa = PBXBuildFile; fileRef = 7A0C487B1C323A0100E68053 /* 82-dogpaw.png */; };
		7A0C48EB1C323A0100E68053 /* 83-calendar.png in Resources */ = {isa = PBXBuildFile; fileRef = 7A0C487C1C323A0100E68053 /* 83-calendar.png */; };
		7A0C48EC1C323A0100E68053 /* 84-lightbulb.png in Resources */ = {isa = PBXBuildFile; fileRef = 7A0C487D1C323A0100E68053 /* 84-lightbulb.png */; };
		7A0C48ED1C323A0100E68053 /* 85-trophy.png in Resources */ = {isa = PBXBuildFile; fileRef = 7A0C487E1C323A0100E68053 /* 85-trophy.png */; };
		7A0C48EE1C323A0100E68053 /* 86-camera.png in Resources */ = {isa = PBXBuildFile; fileRef = 7A0C487F1C323A0100E68053 /* 86-camera.png */; };
		7A0C48EF1C323A0100E68053 /* 87-wineglass.png in Resources */ = {isa = PBXBuildFile; fileRef = 7A0C48801C323A0100E68053 /* 87-wineglass.png */; };
		7A0C48F01C323A0100E68053 /* 88-beermug.png in Resources */ = {isa = PBXBuildFile; fileRef = 7A0C48811C323A0100E68053 /* 88-beermug.png */; };
		7A0C48F11C323A0100E68053 /* 89-dumbbell.png in Resources */ = {isa = PBXBuildFile; fileRef = 7A0C48821C323A0100E68053 /* 89-dumbbell.png */; };
		7A0C48F21C323A0100E68053 /* 90-lifebuoy.png in Resources */ = {isa = PBXBuildFile; fileRef = 7A0C48831C323A0100E68053 /* 90-lifebuoy.png */; };
		7A0C48F31C323A0100E68053 /* 91-beaker2.png in Resources */ = {isa = PBXBuildFile; fileRef = 7A0C48841C323A0100E68053 /* 91-beaker2.png */; };
		7A0C48F41C323A0100E68053 /* 92-testtube.png in Resources */ = {isa = PBXBuildFile; fileRef = 7A0C48851C323A0100E68053 /* 92-testtube.png */; };
		7A0C48F51C323A0100E68053 /* 93-thermometer.png in Resources */ = {isa = PBXBuildFile; fileRef = 7A0C48861C323A0100E68053 /* 93-thermometer.png */; };
		7A0C48F61C323A0100E68053 /* 94-pill.png in Resources */ = {isa = PBXBuildFile; fileRef = 7A0C48871C323A0100E68053 /* 94-pill.png */; };
		7A0C48F71C323A0100E68053 /* 95-equalizer.png in Resources */ = {isa = PBXBuildFile; fileRef = 7A0C48881C323A0100E68053 /* 95-equalizer.png */; };
		7A0C48F81C323A0100E68053 /* 96-book.png in Resources */ = {isa = PBXBuildFile; fileRef = 7A0C48891C323A0100E68053 /* 96-book.png */; };
		7A0C48F91C323A0100E68053 /* 97-puzzle.png in Resources */ = {isa = PBXBuildFile; fileRef = 7A0C488A1C323A0100E68053 /* 97-puzzle.png */; };
		7A0C48FA1C323A0100E68053 /* 98-palette.png in Resources */ = {isa = PBXBuildFile; fileRef = 7A0C488B1C323A0100E68053 /* 98-palette.png */; };
		7A0C48FB1C323A0100E68053 /* 99-umbrella.png in Resources */ = {isa = PBXBuildFile; fileRef = 7A0C488C1C323A0100E68053 /* 99-umbrella.png */; };
		7A0C48FC1C323A0100E68053 /* tabBar.png in Resources */ = {isa = PBXBuildFile; fileRef = 7A0C488D1C323A0100E68053 /* tabBar.png */; };
		7A7350C61C3227300084EB9C /* TwoViewController.m in Sources */ = {isa = PBXBuildFile; fileRef = 7A7350C51C3227300084EB9C /* TwoViewController.m */; };
		7A7350C91C3227A50084EB9C /* TwoModel.m in Sources */ = {isa = PBXBuildFile; fileRef = 7A7350C81C3227A50084EB9C /* TwoModel.m */; };
		7A7350CC1C3227B70084EB9C /* TwoTableViewCell.m in Sources */ = {isa = PBXBuildFile; fileRef = 7A7350CB1C3227B70084EB9C /* TwoTableViewCell.m */; };
		7AF8C36C1C32268600085C11 /* file.plist in Resources */ = {isa = PBXBuildFile; fileRef = 7AF8C36B1C32268600085C11 /* file.plist */; };
		7AF8C36F1C3226A600085C11 /* FourViewController.m in Sources */ = {isa = PBXBuildFile; fileRef = 7AF8C36E1C3226A600085C11 /* FourViewController.m */; };
		7AF8C3721C322DE300085C11 /* FourTableViewCell.m in Sources */ = {isa = PBXBuildFile; fileRef = 7AF8C3711C322DE300085C11 /* FourTableViewCell.m */; };
		7AF8C3751C32354800085C11 /* FourModel.m in Sources */ = {isa = PBXBuildFile; fileRef = 7AF8C3741C32354800085C11 /* FourModel.m */; };
		B07F2FB3EB6AF8B0865F3902 /* libPods.a in Frameworks */ = {isa = PBXBuildFile; fileRef = 6993B875FC6C93EA649AA71E /* libPods.a */; };
/* End PBXBuildFile section */

/* Begin PBXFileReference section */
		019EF9161C3260BD001C551A /* ThreeModel.h */ = {isa = PBXFileReference; fileEncoding = 4; lastKnownFileType = sourcecode.c.h; path = ThreeModel.h; sourceTree = "<group>"; };
		019EF9171C3260BD001C551A /* ThreeModel.m */ = {isa = PBXFileReference; fileEncoding = 4; lastKnownFileType = sourcecode.c.objc; path = ThreeModel.m; sourceTree = "<group>"; };
		019EF9181C3260BD001C551A /* ThreeTableViewCell.h */ = {isa = PBXFileReference; fileEncoding = 4; lastKnownFileType = sourcecode.c.h; path = ThreeTableViewCell.h; sourceTree = "<group>"; };
		019EF9191C3260BD001C551A /* ThreeTableViewCell.m */ = {isa = PBXFileReference; fileEncoding = 4; lastKnownFileType = sourcecode.c.objc; path = ThreeTableViewCell.m; sourceTree = "<group>"; };
		019EF91A1C3260BD001C551A /* ThreeViewController.h */ = {isa = PBXFileReference; fileEncoding = 4; lastKnownFileType = sourcecode.c.h; path = ThreeViewController.h; sourceTree = "<group>"; };
		019EF91B1C3260BD001C551A /* ThreeViewController.m */ = {isa = PBXFileReference; fileEncoding = 4; lastKnownFileType = sourcecode.c.objc; path = ThreeViewController.m; sourceTree = "<group>"; };
		2CE4272E06F9D9020530F403 /* Pods.release.xcconfig */ = {isa = PBXFileReference; includeInIndex = 1; lastKnownFileType = text.xcconfig; name = Pods.release.xcconfig; path = "Pods/Target Support Files/Pods/Pods.release.xcconfig"; sourceTree = "<group>"; };
		6993B875FC6C93EA649AA71E /* libPods.a */ = {isa = PBXFileReference; explicitFileType = archive.ar; includeInIndex = 0; path = libPods.a; sourceTree = BUILT_PRODUCTS_DIR; };
		7A0C47FE1C32229400E68053 /* ProjectOne.app */ = {isa = PBXFileReference; explicitFileType = wrapper.application; includeInIndex = 0; path = ProjectOne.app; sourceTree = BUILT_PRODUCTS_DIR; };
		7A0C48021C32229400E68053 /* main.m */ = {isa = PBXFileReference; lastKnownFileType = sourcecode.c.objc; path = main.m; sourceTree = "<group>"; };
		7A0C48041C32229400E68053 /* AppDelegate.h */ = {isa = PBXFileReference; lastKnownFileType = sourcecode.c.h; path = AppDelegate.h; sourceTree = "<group>"; };
		7A0C48051C32229400E68053 /* AppDelegate.m */ = {isa = PBXFileReference; lastKnownFileType = sourcecode.c.objc; path = AppDelegate.m; sourceTree = "<group>"; };
		7A0C48071C32229400E68053 /* Assets.xcassets */ = {isa = PBXFileReference; lastKnownFileType = folder.assetcatalog; path = Assets.xcassets; sourceTree = "<group>"; };
		7A0C480A1C32229500E68053 /* Base */ = {isa = PBXFileReference; lastKnownFileType = file.storyboard; name = Base; path = Base.lproj/LaunchScreen.storyboard; sourceTree = "<group>"; };
		7A0C480C1C32229500E68053 /* Info.plist */ = {isa = PBXFileReference; lastKnownFileType = text.plist.xml; path = Info.plist; sourceTree = "<group>"; };
		7A0C48121C3222B300E68053 /* OneViewController.h */ = {isa = PBXFileReference; fileEncoding = 4; lastKnownFileType = sourcecode.c.h; path = OneViewController.h; sourceTree = "<group>"; };
		7A0C48131C3222B300E68053 /* OneViewController.m */ = {isa = PBXFileReference; fileEncoding = 4; lastKnownFileType = sourcecode.c.objc; path = OneViewController.m; sourceTree = "<group>"; };
		7A0C48181C3229F900E68053 /* OneTableViewCell.h */ = {isa = PBXFileReference; fileEncoding = 4; lastKnownFileType = sourcecode.c.h; path = OneTableViewCell.h; sourceTree = "<group>"; };
		7A0C48191C3229F900E68053 /* OneTableViewCell.m */ = {isa = PBXFileReference; fileEncoding = 4; lastKnownFileType = sourcecode.c.objc; path = OneTableViewCell.m; sourceTree = "<group>"; };
		7A0C481B1C322A0A00E68053 /* OneModel.h */ = {isa = PBXFileReference; fileEncoding = 4; lastKnownFileType = sourcecode.c.h; path = OneModel.h; sourceTree = "<group>"; };
		7A0C481C1C322A0A00E68053 /* OneModel.m */ = {isa = PBXFileReference; fileEncoding = 4; lastKnownFileType = sourcecode.c.objc; path = OneModel.m; sourceTree = "<group>"; };
		7A0C481F1C323A0100E68053 /* 01-refresh.png */ = {isa = PBXFileReference; lastKnownFileType = image.png; path = "01-refresh.png"; sourceTree = "<group>"; };
		7A0C48201C323A0100E68053 /* 02-redo.png */ = {isa = PBXFileReference; lastKnownFileType = image.png; path = "02-redo.png"; sourceTree = "<group>"; };
		7A0C48211C323A0100E68053 /* 03-loopback.png */ = {isa = PBXFileReference; lastKnownFileType = image.png; path = "03-loopback.png"; sourceTree = "<group>"; };
		7A0C48221C323A0100E68053 /* 04-squiggle.png */ = {isa = PBXFileReference; lastKnownFileType = image.png; path = "04-squiggle.png"; sourceTree = "<group>"; };
		7A0C48231C323A0100E68053 /* 05-shuffle.png */ = {isa = PBXFileReference; lastKnownFileType = image.png; path = "05-shuffle.png"; sourceTree = "<group>"; };
		7A0C48241C323A0100E68053 /* 06-magnifying-glass.png */ = {isa = PBXFileReference; lastKnownFileType = image.png; path = "06-magnifying-glass.png"; sourceTree = "<group>"; };
		7A0C48251C323A0100E68053 /* 07-map-marker.png */ = {isa = PBXFileReference; lastKnownFileType = image.png; path = "07-map-marker.png"; sourceTree = "<group>"; };
		7A0C48261C323A0100E68053 /* 08-chat.png */ = {isa = PBXFileReference; lastKnownFileType = image.png; path = "08-chat.png"; sourceTree = "<group>"; };
		7A0C48271C323A0100E68053 /* 09-chat2.png */ = {isa = PBXFileReference; lastKnownFileType = image.png; path = "09-chat2.png"; sourceTree = "<group>"; };
		7A0C48281C323A0100E68053 /* 10-medical.png */ = {isa = PBXFileReference; lastKnownFileType = image.png; path = "10-medical.png"; sourceTree = "<group>"; };
		7A0C48291C323A0100E68053 /* 100-coffee.png */ = {isa = PBXFileReference; lastKnownFileType = image.png; path = "100-coffee.png"; sourceTree = "<group>"; };
		7A0C482A1C323A0100E68053 /* 101-gameplan.png */ = {isa = PBXFileReference; lastKnownFileType = image.png; path = "101-gameplan.png"; sourceTree = "<group>"; };
		7A0C482B1C323A0100E68053 /* 102-walk.png */ = {isa = PBXFileReference; lastKnownFileType = image.png; path = "102-walk.png"; sourceTree = "<group>"; };
		7A0C482C1C323A0100E68053 /* 103-map.png */ = {isa = PBXFileReference; lastKnownFileType = image.png; path = "103-map.png"; sourceTree = "<group>"; };
		7A0C482D1C323A0100E68053 /* 104-index-cards.png */ = {isa = PBXFileReference; lastKnownFileType = image.png; path = "104-index-cards.png"; sourceTree = "<group>"; };
		7A0C482E1C323A0100E68053 /* 105-piano.png */ = {isa = PBXFileReference; lastKnownFileType = image.png; path = "105-piano.png"; sourceTree = "<group>"; };
		7A0C482F1C323A0100E68053 /* 106-sliders.png */ = {isa = PBXFileReference; lastKnownFileType = image.png; path = "106-sliders.png"; sourceTree = "<group>"; };
		7A0C48301C323A0100E68053 /* 107-widescreen.png */ = {isa = PBXFileReference; lastKnownFileType = image.png; path = "107-widescreen.png"; sourceTree = "<group>"; };
		7A0C48311C323A0100E68053 /* 108-badge.png */ = {isa = PBXFileReference; lastKnownFileType = image.png; path = "108-badge.png"; sourceTree = "<group>"; };
		7A0C48321C323A0100E68053 /* 109-chicken.png */ = {isa = PBXFileReference; lastKnownFileType = image.png; path = "109-chicken.png"; sourceTree = "<group>"; };
		7A0C48331C323A0100E68053 /* 11-clock.png */ = {isa = PBXFileReference; lastKnownFileType = image.png; path = "11-clock.png"; sourceTree = "<group>"; };
		7A0C48341C323A0100E68053 /* 110-bug.png */ = {isa = PBXFileReference; lastKnownFileType = image.png; path = "110-bug.png"; sourceTree = "<group>"; };
		7A0C48351C323A0100E68053 /* 12-eye.png */ = {isa = PBXFileReference; lastKnownFileType = image.png; path = "12-eye.png"; sourceTree = "<group>"; };
		7A0C48361C323A0100E68053 /* 13-target.png */ = {isa = PBXFileReference; lastKnownFileType = image.png; path = "13-target.png"; sourceTree = "<group>"; };
		7A0C48371C323A0100E68053 /* 14-tag.png */ = {isa = PBXFileReference; lastKnownFileType = image.png; path = "14-tag.png"; sourceTree = "<group>"; };
		7A0C48381C323A0100E68053 /* 15-tags.png */ = {isa = PBXFileReference; lastKnownFileType = image.png; path = "15-tags.png"; sourceTree = "<group>"; };
		7A0C48391C323A0100E68053 /* 16-line-chart.png */ = {isa = PBXFileReference; lastKnownFileType = image.png; path = "16-line-chart.png"; sourceTree = "<group>"; };
		7A0C483A1C323A0100E68053 /* 17-bar-chart.png */ = {isa = PBXFileReference; lastKnownFileType = image.png; path = "17-bar-chart.png"; sourceTree = "<group>"; };
		7A0C483B1C323A0100E68053 /* 18-envelope.png */ = {isa = PBXFileReference; lastKnownFileType = image.png; path = "18-envelope.png"; sourceTree = "<group>"; };
		7A0C483C1C323A0100E68053 /* 19-gear.png */ = {isa = PBXFileReference; lastKnownFileType = image.png; path = "19-gear.png"; sourceTree = "<group>"; };
		7A0C483D1C323A0100E68053 /* 20-gear2.png */ = {isa = PBXFileReference; lastKnownFileType = image.png; path = "20-gear2.png"; sourceTree = "<group>"; };
		7A0C483E1C323A0100E68053 /* 21-skull.png */ = {isa = PBXFileReference; lastKnownFileType = image.png; path = "21-skull.png"; sourceTree = "<group>"; };
		7A0C483F1C323A0100E68053 /* 22-skull-n-crossbones.png */ = {isa = PBXFileReference; lastKnownFileType = image.png; path = "22-skull-n-crossbones.png"; sourceTree = "<group>"; };
		7A0C48401C323A0100E68053 /* 23-bird.png */ = {isa = PBXFileReference; lastKnownFileType = image.png; path = "23-bird.png"; sourceTree = "<group>"; };
		7A0C48411C323A0100E68053 /* 24-gift.png */ = {isa = PBXFileReference; lastKnownFileType = image.png; path = "24-gift.png"; sourceTree = "<group>"; };
		7A0C48421C323A0100E68053 /* 25-weather.png */ = {isa = PBXFileReference; lastKnownFileType = image.png; path = "25-weather.png"; sourceTree = "<group>"; };
		7A0C48431C323A0100E68053 /* 26-bandaid.png */ = {isa = PBXFileReference; lastKnownFileType = image.png; path = "26-bandaid.png"; sourceTree = "<group>"; };
		7A0C48441C323A0100E68053 /* 27-planet.png */ = {isa = PBXFileReference; lastKnownFileType = image.png; path = "27-planet.png"; sourceTree = "<group>"; };
		7A0C48451C323A0100E68053 /* 28-star.png */ = {isa = PBXFileReference; lastKnownFileType = image.png; path = "28-star.png"; sourceTree = "<group>"; };
		7A0C48461C323A0100E68053 /* 29-heart.png */ = {isa = PBXFileReference; lastKnownFileType = image.png; path = "29-heart.png"; sourceTree = "<group>"; };
		7A0C48471C323A0100E68053 /* 30-key.png */ = {isa = PBXFileReference; lastKnownFileType = image.png; path = "30-key.png"; sourceTree = "<group>"; };
		7A0C48481C323A0100E68053 /* 31-ipod.png */ = {isa = PBXFileReference; lastKnownFileType = image.png; path = "31-ipod.png"; sourceTree = "<group>"; };
		7A0C48491C323A0100E68053 /* 32-iphone.png */ = {isa = PBXFileReference; lastKnownFileType = image.png; path = "32-iphone.png"; sourceTree = "<group>"; };
		7A0C484A1C323A0100E68053 /* 33-cabinet.png */ = {isa = PBXFileReference; lastKnownFileType = image.png; path = "33-cabinet.png"; sourceTree = "<group>"; };
		7A0C484B1C323A0100E68053 /* 34-coffee.png */ = {isa = PBXFileReference; lastKnownFileType = image.png; path = "34-coffee.png"; sourceTree = "<group>"; };
		7A0C484C1C323A0100E68053 /* 35-shopping-bag.png */ = {isa = PBXFileReference; lastKnownFileType = image.png; path = "35-shopping-bag.png"; sourceTree = "<group>"; };
		7A0C484D1C323A0100E68053 /* 36-toolbox.png */ = {isa = PBXFileReference; lastKnownFileType = image.png; path = "36-toolbox.png"; sourceTree = "<group>"; };
		7A0C484E1C323A0100E68053 /* 37-suitcase.png */ = {isa = PBXFileReference; lastKnownFileType = image.png; path = "37-suitcase.png"; sourceTree = "<group>"; };
		7A0C484F1C323A0100E68053 /* 38-airplane.png */ = {isa = PBXFileReference; lastKnownFileType = image.png; path = "38-airplane.png"; sourceTree = "<group>"; };
		7A0C48501C323A0100E68053 /* 39-spraycan.png */ = {isa = PBXFileReference; lastKnownFileType = image.png; path = "39-spraycan.png"; sourceTree = "<group>"; };
		7A0C48511C323A0100E68053 /* 40-inbox.png */ = {isa = PBXFileReference; lastKnownFileType = image.png; path = "40-inbox.png"; sourceTree = "<group>"; };
		7A0C48521C323A0100E68053 /* 41-picture-frame.png */ = {isa = PBXFileReference; lastKnownFileType = image.png; path = "41-picture-frame.png"; sourceTree = "<group>"; };
		7A0C48531C323A0100E68053 /* 42-photos.png */ = {isa = PBXFileReference; lastKnownFileType = image.png; path = "42-photos.png"; sourceTree = "<group>"; };
		7A0C48541C323A0100E68053 /* 43-film-roll.png */ = {isa = PBXFileReference; lastKnownFileType = image.png; path = "43-film-roll.png"; sourceTree = "<group>"; };
		7A0C48551C323A0100E68053 /* 44-shoebox.png */ = {isa = PBXFileReference; lastKnownFileType = image.png; path = "44-shoebox.png"; sourceTree = "<group>"; };
		7A0C48561C323A0100E68053 /* 45-movie1.png */ = {isa = PBXFileReference; lastKnownFileType = image.png; path = "45-movie1.png"; sourceTree = "<group>"; };
		7A0C48571C323A0100E68053 /* 46-movie2.png */ = {isa = PBXFileReference; lastKnownFileType = image.png; path = "46-movie2.png"; sourceTree = "<group>"; };
		7A0C48581C323A0100E68053 /* 47-fuel.png */ = {isa = PBXFileReference; lastKnownFileType = image.png; path = "47-fuel.png"; sourceTree = "<group>"; };
		7A0C48591C323A0100E68053 /* 48-fork-and-knife.png */ = {isa = PBXFileReference; lastKnownFileType = image.png; path = "48-fork-and-knife.png"; sourceTree = "<group>"; };
		7A0C485A1C323A0100E68053 /* 49-battery.png */ = {isa = PBXFileReference; lastKnownFileType = image.png; path = "49-battery.png"; sourceTree = "<group>"; };
		7A0C485B1C323A0100E68053 /* 50-beaker.png */ = {isa = PBXFileReference; lastKnownFileType = image.png; path = "50-beaker.png"; sourceTree = "<group>"; };
		7A0C485C1C323A0100E68053 /* 51-outlet.png */ = {isa = PBXFileReference; lastKnownFileType = image.png; path = "51-outlet.png"; sourceTree = "<group>"; };
		7A0C485D1C323A0100E68053 /* 52-pinetree.png */ = {isa = PBXFileReference; lastKnownFileType = image.png; path = "52-pinetree.png"; sourceTree = "<group>"; };
		7A0C485E1C323A0100E68053 /* 53-house.png */ = {isa = PBXFileReference; lastKnownFileType = image.png; path = "53-house.png"; sourceTree = "<group>"; };
		7A0C485F1C323A0100E68053 /* 54-lock.png */ = {isa = PBXFileReference; lastKnownFileType = image.png; path = "54-lock.png"; sourceTree = "<group>"; };
		7A0C48601C323A0100E68053 /* 55-network.png */ = {isa = PBXFileReference; lastKnownFileType = image.png; path = "55-network.png"; sourceTree = "<group>"; };
		7A0C48611C323A0100E68053 /* 56-cloud.png */ = {isa = PBXFileReference; lastKnownFileType = image.png; path = "56-cloud.png"; sourceTree = "<group>"; };
		7A0C48621C323A0100E68053 /* 57-download.png */ = {isa = PBXFileReference; lastKnownFileType = image.png; path = "57-download.png"; sourceTree = "<group>"; };
		7A0C48631C323A0100E68053 /* 58-bookmark.png */ = {isa = PBXFileReference; lastKnownFileType = image.png; path = "58-bookmark.png"; sourceTree = "<group>"; };
		7A0C48641C323A0100E68053 /* 59-flag.png */ = {isa = PBXFileReference; lastKnownFileType = image.png; path = "59-flag.png"; sourceTree = "<group>"; };
		7A0C48651C323A0100E68053 /* 60-signpost.png */ = {isa = PBXFileReference; lastKnownFileType = image.png; path = "60-signpost.png"; sourceTree = "<group>"; };
		7A0C48661C323A0100E68053 /* 61-brightness.png */ = {isa = PBXFileReference; lastKnownFileType = image.png; path = "61-brightness.png"; sourceTree = "<group>"; };
		7A0C48671C323A0100E68053 /* 62-contrast.png */ = {isa = PBXFileReference; lastKnownFileType = image.png; path = "62-contrast.png"; sourceTree = "<group>"; };
		7A0C48681C323A0100E68053 /* 63-runner.png */ = {isa = PBXFileReference; lastKnownFileType = image.png; path = "63-runner.png"; sourceTree = "<group>"; };
		7A0C48691C323A0100E68053 /* 64-zap.png */ = {isa = PBXFileReference; lastKnownFileType = image.png; path = "64-zap.png"; sourceTree = "<group>"; };
		7A0C486A1C323A0100E68053 /* 65-note.png */ = {isa = PBXFileReference; lastKnownFileType = image.png; path = "65-note.png"; sourceTree = "<group>"; };
		7A0C486B1C323A0100E68053 /* 66-microphone.png */ = {isa = PBXFileReference; lastKnownFileType = image.png; path = "66-microphone.png"; sourceTree = "<group>"; };
		7A0C486C1C323A0100E68053 /* 67-tshirt.png */ = {isa = PBXFileReference; lastKnownFileType = image.png; path = "67-tshirt.png"; sourceTree = "<group>"; };
		7A0C486D1C323A0100E68053 /* 68-paperclip.png */ = {isa = PBXFileReference; lastKnownFileType = image.png; path = "68-paperclip.png"; sourceTree = "<group>"; };
		7A0C486E1C323A0100E68053 /* 69-display.png */ = {isa = PBXFileReference; lastKnownFileType = image.png; path = "69-display.png"; sourceTree = "<group>"; };
		7A0C486F1C323A0100E68053 /* 70-tv.png */ = {isa = PBXFileReference; lastKnownFileType = image.png; path = "70-tv.png"; sourceTree = "<group>"; };
		7A0C48701C323A0100E68053 /* 71-compass.png */ = {isa = PBXFileReference; lastKnownFileType = image.png; path = "71-compass.png"; sourceTree = "<group>"; };
		7A0C48711C323A0100E68053 /* 72-pin.png */ = {isa = PBXFileReference; lastKnownFileType = image.png; path = "72-pin.png"; sourceTree = "<group>"; };
		7A0C48721C323A0100E68053 /* 73-radar.png */ = {isa = PBXFileReference; lastKnownFileType = image.png; path = "73-radar.png"; sourceTree = "<group>"; };
		7A0C48731C323A0100E68053 /* 74-location.png */ = {isa = PBXFileReference; lastKnownFileType = image.png; path = "74-location.png"; sourceTree = "<group>"; };
		7A0C48741C323A0100E68053 /* 75-phone.png */ = {isa = PBXFileReference; lastKnownFileType = image.png; path = "75-phone.png"; sourceTree = "<group>"; };
		7A0C48751C323A0100E68053 /* 76-baby.png */ = {isa = PBXFileReference; lastKnownFileType = image.png; path = "76-baby.png"; sourceTree = "<group>"; };
		7A0C48761C323A0100E68053 /* 77-ekg.png */ = {isa = PBXFileReference; lastKnownFileType = image.png; path = "77-ekg.png"; sourceTree = "<group>"; };
		7A0C48771C323A0100E68053 /* 78-stopwatch.png */ = {isa = PBXFileReference; lastKnownFileType = image.png; path = "78-stopwatch.png"; sourceTree = "<group>"; };
		7A0C48781C323A0100E68053 /* 79-medical-bag.png */ = {isa = PBXFileReference; lastKnownFileType = image.png; path = "79-medical-bag.png"; sourceTree = "<group>"; };
		7A0C48791C323A0100E68053 /* 80-shopping-cart.png */ = {isa = PBXFileReference; lastKnownFileType = image.png; path = "80-shopping-cart.png"; sourceTree = "<group>"; };
		7A0C487A1C323A0100E68053 /* 81-dashboard.png */ = {isa = PBXFileReference; lastKnownFileType = image.png; path = "81-dashboard.png"; sourceTree = "<group>"; };
		7A0C487B1C323A0100E68053 /* 82-dogpaw.png */ = {isa = PBXFileReference; lastKnownFileType = image.png; path = "82-dogpaw.png"; sourceTree = "<group>"; };
		7A0C487C1C323A0100E68053 /* 83-calendar.png */ = {isa = PBXFileReference; lastKnownFileType = image.png; path = "83-calendar.png"; sourceTree = "<group>"; };
		7A0C487D1C323A0100E68053 /* 84-lightbulb.png */ = {isa = PBXFileReference; lastKnownFileType = image.png; path = "84-lightbulb.png"; sourceTree = "<group>"; };
		7A0C487E1C323A0100E68053 /* 85-trophy.png */ = {isa = PBXFileReference; lastKnownFileType = image.png; path = "85-trophy.png"; sourceTree = "<group>"; };
		7A0C487F1C323A0100E68053 /* 86-camera.png */ = {isa = PBXFileReference; lastKnownFileType = image.png; path = "86-camera.png"; sourceTree = "<group>"; };
		7A0C48801C323A0100E68053 /* 87-wineglass.png */ = {isa = PBXFileReference; lastKnownFileType = image.png; path = "87-wineglass.png"; sourceTree = "<group>"; };
		7A0C48811C323A0100E68053 /* 88-beermug.png */ = {isa = PBXFileReference; lastKnownFileType = image.png; path = "88-beermug.png"; sourceTree = "<group>"; };
		7A0C48821C323A0100E68053 /* 89-dumbbell.png */ = {isa = PBXFileReference; lastKnownFileType = image.png; path = "89-dumbbell.png"; sourceTree = "<group>"; };
		7A0C48831C323A0100E68053 /* 90-lifebuoy.png */ = {isa = PBXFileReference; lastKnownFileType = image.png; path = "90-lifebuoy.png"; sourceTree = "<group>"; };
		7A0C48841C323A0100E68053 /* 91-beaker2.png */ = {isa = PBXFileReference; lastKnownFileType = image.png; path = "91-beaker2.png"; sourceTree = "<group>"; };
		7A0C48851C323A0100E68053 /* 92-testtube.png */ = {isa = PBXFileReference; lastKnownFileType = image.png; path = "92-testtube.png"; sourceTree = "<group>"; };
		7A0C48861C323A0100E68053 /* 93-thermometer.png */ = {isa = PBXFileReference; lastKnownFileType = image.png; path = "93-thermometer.png"; sourceTree = "<group>"; };
		7A0C48871C323A0100E68053 /* 94-pill.png */ = {isa = PBXFileReference; lastKnownFileType = image.png; path = "94-pill.png"; sourceTree = "<group>"; };
		7A0C48881C323A0100E68053 /* 95-equalizer.png */ = {isa = PBXFileReference; lastKnownFileType = image.png; path = "95-equalizer.png"; sourceTree = "<group>"; };
		7A0C48891C323A0100E68053 /* 96-book.png */ = {isa = PBXFileReference; lastKnownFileType = image.png; path = "96-book.png"; sourceTree = "<group>"; };
		7A0C488A1C323A0100E68053 /* 97-puzzle.png */ = {isa = PBXFileReference; lastKnownFileType = image.png; path = "97-puzzle.png"; sourceTree = "<group>"; };
		7A0C488B1C323A0100E68053 /* 98-palette.png */ = {isa = PBXFileReference; lastKnownFileType = image.png; path = "98-palette.png"; sourceTree = "<group>"; };
		7A0C488C1C323A0100E68053 /* 99-umbrella.png */ = {isa = PBXFileReference; lastKnownFileType = image.png; path = "99-umbrella.png"; sourceTree = "<group>"; };
		7A0C488D1C323A0100E68053 /* tabBar.png */ = {isa = PBXFileReference; lastKnownFileType = image.png; path = tabBar.png; sourceTree = "<group>"; };
		7A7350C41C3227300084EB9C /* TwoViewController.h */ = {isa = PBXFileReference; fileEncoding = 4; lastKnownFileType = sourcecode.c.h; path = TwoViewController.h; sourceTree = "<group>"; };
		7A7350C51C3227300084EB9C /* TwoViewController.m */ = {isa = PBXFileReference; fileEncoding = 4; lastKnownFileType = sourcecode.c.objc; path = TwoViewController.m; sourceTree = "<group>"; };
		7A7350C71C3227A50084EB9C /* TwoModel.h */ = {isa = PBXFileReference; fileEncoding = 4; lastKnownFileType = sourcecode.c.h; path = TwoModel.h; sourceTree = "<group>"; };
		7A7350C81C3227A50084EB9C /* TwoModel.m */ = {isa = PBXFileReference; fileEncoding = 4; lastKnownFileType = sourcecode.c.objc; path = TwoModel.m; sourceTree = "<group>"; };
		7A7350CA1C3227B70084EB9C /* TwoTableViewCell.h */ = {isa = PBXFileReference; fileEncoding = 4; lastKnownFileType = sourcecode.c.h; path = TwoTableViewCell.h; sourceTree = "<group>"; };
		7A7350CB1C3227B70084EB9C /* TwoTableViewCell.m */ = {isa = PBXFileReference; fileEncoding = 4; lastKnownFileType = sourcecode.c.objc; path = TwoTableViewCell.m; sourceTree = "<group>"; };
		7AF8C36B1C32268600085C11 /* file.plist */ = {isa = PBXFileReference; lastKnownFileType = text.plist; path = file.plist; sourceTree = "<group>"; };
		7AF8C36D1C3226A600085C11 /* FourViewController.h */ = {isa = PBXFileReference; fileEncoding = 4; lastKnownFileType = sourcecode.c.h; path = FourViewController.h; sourceTree = "<group>"; };
		7AF8C36E1C3226A600085C11 /* FourViewController.m */ = {isa = PBXFileReference; fileEncoding = 4; lastKnownFileType = sourcecode.c.objc; path = FourViewController.m; sourceTree = "<group>"; };
		7AF8C3701C322DE300085C11 /* FourTableViewCell.h */ = {isa = PBXFileReference; fileEncoding = 4; lastKnownFileType = sourcecode.c.h; path = FourTableViewCell.h; sourceTree = "<group>"; };
		7AF8C3711C322DE300085C11 /* FourTableViewCell.m */ = {isa = PBXFileReference; fileEncoding = 4; lastKnownFileType = sourcecode.c.objc; path = FourTableViewCell.m; sourceTree = "<group>"; };
		7AF8C3731C32354800085C11 /* FourModel.h */ = {isa = PBXFileReference; fileEncoding = 4; lastKnownFileType = sourcecode.c.h; path = FourModel.h; sourceTree = "<group>"; };
		7AF8C3741C32354800085C11 /* FourModel.m */ = {isa = PBXFileReference; fileEncoding = 4; lastKnownFileType = sourcecode.c.objc; path = FourModel.m; sourceTree = "<group>"; };
		F784EC014EAA2C277EDD02F8 /* Pods.debug.xcconfig */ = {isa = PBXFileReference; includeInIndex = 1; lastKnownFileType = text.xcconfig; name = Pods.debug.xcconfig; path = "Pods/Target Support Files/Pods/Pods.debug.xcconfig"; sourceTree = "<group>"; };
/* End PBXFileReference section */

/* Begin PBXFrameworksBuildPhase section */
		7A0C47FB1C32229400E68053 /* Frameworks */ = {
			isa = PBXFrameworksBuildPhase;
			buildActionMask = 2147483647;
			files = (
				B07F2FB3EB6AF8B0865F3902 /* libPods.a in Frameworks */,
			);
			runOnlyForDeploymentPostprocessing = 0;
		};
/* End PBXFrameworksBuildPhase section */

/* Begin PBXGroup section */
		019EF9151C3260BD001C551A /* 聂欣欣 */ = {
			isa = PBXGroup;
			children = (
				019EF9161C3260BD001C551A /* ThreeModel.h */,
				019EF9171C3260BD001C551A /* ThreeModel.m */,
				019EF9181C3260BD001C551A /* ThreeTableViewCell.h */,
				019EF9191C3260BD001C551A /* ThreeTableViewCell.m */,
				019EF91A1C3260BD001C551A /* ThreeViewController.h */,
				019EF91B1C3260BD001C551A /* ThreeViewController.m */,
			);
			path = "聂欣欣";
			sourceTree = "<group>";
		};
		7A0C47F51C32229400E68053 = {
			isa = PBXGroup;
			children = (
				7A0C48001C32229400E68053 /* ProjectOne */,
				7A0C47FF1C32229400E68053 /* Products */,
				8B989F6249775D5BB0826B03 /* Pods */,
				F93C5F2A3930FE42A1D1900F /* Frameworks */,
			);
			sourceTree = "<group>";
		};
		7A0C47FF1C32229400E68053 /* Products */ = {
			isa = PBXGroup;
			children = (
				7A0C47FE1C32229400E68053 /* ProjectOne.app */,
			);
			name = Products;
			sourceTree = "<group>";
		};
		7A0C48001C32229400E68053 /* ProjectOne */ = {
			isa = PBXGroup;
			children = (
				7AF8C36B1C32268600085C11 /* file.plist */,
				7AF8C36D1C3226A600085C11 /* FourViewController.h */,
				7AF8C36E1C3226A600085C11 /* FourViewController.m */,
				7AF8C3731C32354800085C11 /* FourModel.h */,
				7AF8C3741C32354800085C11 /* FourModel.m */,
				7AF8C3701C322DE300085C11 /* FourTableViewCell.h */,
				7AF8C3711C322DE300085C11 /* FourTableViewCell.m */,
				7A0C48041C32229400E68053 /* AppDelegate.h */,
				7A0C48051C32229400E68053 /* AppDelegate.m */,
				7A0C48121C3222B300E68053 /* OneViewController.h */,
				7A0C48131C3222B300E68053 /* OneViewController.m */,
				7A0C48181C3229F900E68053 /* OneTableViewCell.h */,
				7A0C48191C3229F900E68053 /* OneTableViewCell.m */,
				7A0C481B1C322A0A00E68053 /* OneModel.h */,
				7A0C481C1C322A0A00E68053 /* OneModel.m */,
				7A7350C41C3227300084EB9C /* TwoViewController.h */,
				7A7350C51C3227300084EB9C /* TwoViewController.m */,
				7A7350C71C3227A50084EB9C /* TwoModel.h */,
				7A7350C81C3227A50084EB9C /* TwoModel.m */,
				7A7350CA1C3227B70084EB9C /* TwoTableViewCell.h */,
				7A7350CB1C3227B70084EB9C /* TwoTableViewCell.m */,
				019EF9151C3260BD001C551A /* 聂欣欣 */,
				7A0C481E1C323A0100E68053 /* icons */,
				7A0C48071C32229400E68053 /* Assets.xcassets */,
				7A0C48091C32229500E68053 /* LaunchScreen.storyboard */,
				7A0C480C1C32229500E68053 /* Info.plist */,
				7A0C48011C32229400E68053 /* Supporting Files */,
			);
			path = ProjectOne;
			sourceTree = "<group>";
		};
		7A0C48011C32229400E68053 /* Supporting Files */ = {
			isa = PBXGroup;
			children = (
				7A0C48021C32229400E68053 /* main.m */,
			);
			name = "Supporting Files";
			sourceTree = "<group>";
		};
		7A0C481E1C323A0100E68053 /* icons */ = {
			isa = PBXGroup;
			children = (
				7A0C481F1C323A0100E68053 /* 01-refresh.png */,
				7A0C48201C323A0100E68053 /* 02-redo.png */,
				7A0C48211C323A0100E68053 /* 03-loopback.png */,
				7A0C48221C323A0100E68053 /* 04-squiggle.png */,
				7A0C48231C323A0100E68053 /* 05-shuffle.png */,
				7A0C48241C323A0100E68053 /* 06-magnifying-glass.png */,
				7A0C48251C323A0100E68053 /* 07-map-marker.png */,
				7A0C48261C323A0100E68053 /* 08-chat.png */,
				7A0C48271C323A0100E68053 /* 09-chat2.png */,
				7A0C48281C323A0100E68053 /* 10-medical.png */,
				7A0C48291C323A0100E68053 /* 100-coffee.png */,
				7A0C482A1C323A0100E68053 /* 101-gameplan.png */,
				7A0C482B1C323A0100E68053 /* 102-walk.png */,
				7A0C482C1C323A0100E68053 /* 103-map.png */,
				7A0C482D1C323A0100E68053 /* 104-index-cards.png */,
				7A0C482E1C323A0100E68053 /* 105-piano.png */,
				7A0C482F1C323A0100E68053 /* 106-sliders.png */,
				7A0C48301C323A0100E68053 /* 107-widescreen.png */,
				7A0C48311C323A0100E68053 /* 108-badge.png */,
				7A0C48321C323A0100E68053 /* 109-chicken.png */,
				7A0C48331C323A0100E68053 /* 11-clock.png */,
				7A0C48341C323A0100E68053 /* 110-bug.png */,
				7A0C48351C323A0100E68053 /* 12-eye.png */,
				7A0C48361C323A0100E68053 /* 13-target.png */,
				7A0C48371C323A0100E68053 /* 14-tag.png */,
				7A0C48381C323A0100E68053 /* 15-tags.png */,
				7A0C48391C323A0100E68053 /* 16-line-chart.png */,
				7A0C483A1C323A0100E68053 /* 17-bar-chart.png */,
				7A0C483B1C323A0100E68053 /* 18-envelope.png */,
				7A0C483C1C323A0100E68053 /* 19-gear.png */,
				7A0C483D1C323A0100E68053 /* 20-gear2.png */,
				7A0C483E1C323A0100E68053 /* 21-skull.png */,
				7A0C483F1C323A0100E68053 /* 22-skull-n-crossbones.png */,
				7A0C48401C323A0100E68053 /* 23-bird.png */,
				7A0C48411C323A0100E68053 /* 24-gift.png */,
				7A0C48421C323A0100E68053 /* 25-weather.png */,
				7A0C48431C323A0100E68053 /* 26-bandaid.png */,
				7A0C48441C323A0100E68053 /* 27-planet.png */,
				7A0C48451C323A0100E68053 /* 28-star.png */,
				7A0C48461C323A0100E68053 /* 29-heart.png */,
				7A0C48471C323A0100E68053 /* 30-key.png */,
				7A0C48481C323A0100E68053 /* 31-ipod.png */,
				7A0C48491C323A0100E68053 /* 32-iphone.png */,
				7A0C484A1C323A0100E68053 /* 33-cabinet.png */,
				7A0C484B1C323A0100E68053 /* 34-coffee.png */,
				7A0C484C1C323A0100E68053 /* 35-shopping-bag.png */,
				7A0C484D1C323A0100E68053 /* 36-toolbox.png */,
				7A0C484E1C323A0100E68053 /* 37-suitcase.png */,
				7A0C484F1C323A0100E68053 /* 38-airplane.png */,
				7A0C48501C323A0100E68053 /* 39-spraycan.png */,
				7A0C48511C323A0100E68053 /* 40-inbox.png */,
				7A0C48521C323A0100E68053 /* 41-picture-frame.png */,
				7A0C48531C323A0100E68053 /* 42-photos.png */,
				7A0C48541C323A0100E68053 /* 43-film-roll.png */,
				7A0C48551C323A0100E68053 /* 44-shoebox.png */,
				7A0C48561C323A0100E68053 /* 45-movie1.png */,
				7A0C48571C323A0100E68053 /* 46-movie2.png */,
				7A0C48581C323A0100E68053 /* 47-fuel.png */,
				7A0C48591C323A0100E68053 /* 48-fork-and-knife.png */,
				7A0C485A1C323A0100E68053 /* 49-battery.png */,
				7A0C485B1C323A0100E68053 /* 50-beaker.png */,
				7A0C485C1C323A0100E68053 /* 51-outlet.png */,
				7A0C485D1C323A0100E68053 /* 52-pinetree.png */,
				7A0C485E1C323A0100E68053 /* 53-house.png */,
				7A0C485F1C323A0100E68053 /* 54-lock.png */,
				7A0C48601C323A0100E68053 /* 55-network.png */,
				7A0C48611C323A0100E68053 /* 56-cloud.png */,
				7A0C48621C323A0100E68053 /* 57-download.png */,
				7A0C48631C323A0100E68053 /* 58-bookmark.png */,
				7A0C48641C323A0100E68053 /* 59-flag.png */,
				7A0C48651C323A0100E68053 /* 60-signpost.png */,
				7A0C48661C323A0100E68053 /* 61-brightness.png */,
				7A0C48671C323A0100E68053 /* 62-contrast.png */,
				7A0C48681C323A0100E68053 /* 63-runner.png */,
				7A0C48691C323A0100E68053 /* 64-zap.png */,
				7A0C486A1C323A0100E68053 /* 65-note.png */,
				7A0C486B1C323A0100E68053 /* 66-microphone.png */,
				7A0C486C1C323A0100E68053 /* 67-tshirt.png */,
				7A0C486D1C323A0100E68053 /* 68-paperclip.png */,
				7A0C486E1C323A0100E68053 /* 69-display.png */,
				7A0C486F1C323A0100E68053 /* 70-tv.png */,
				7A0C48701C323A0100E68053 /* 71-compass.png */,
				7A0C48711C323A0100E68053 /* 72-pin.png */,
				7A0C48721C323A0100E68053 /* 73-radar.png */,
				7A0C48731C323A0100E68053 /* 74-location.png */,
				7A0C48741C323A0100E68053 /* 75-phone.png */,
				7A0C48751C323A0100E68053 /* 76-baby.png */,
				7A0C48761C323A0100E68053 /* 77-ekg.png */,
				7A0C48771C323A0100E68053 /* 78-stopwatch.png */,
				7A0C48781C323A0100E68053 /* 79-medical-bag.png */,
				7A0C48791C323A0100E68053 /* 80-shopping-cart.png */,
				7A0C487A1C323A0100E68053 /* 81-dashboard.png */,
				7A0C487B1C323A0100E68053 /* 82-dogpaw.png */,
				7A0C487C1C323A0100E68053 /* 83-calendar.png */,
				7A0C487D1C323A0100E68053 /* 84-lightbulb.png */,
				7A0C487E1C323A0100E68053 /* 85-trophy.png */,
				7A0C487F1C323A0100E68053 /* 86-camera.png */,
				7A0C48801C323A0100E68053 /* 87-wineglass.png */,
				7A0C48811C323A0100E68053 /* 88-beermug.png */,
				7A0C48821C323A0100E68053 /* 89-dumbbell.png */,
				7A0C48831C323A0100E68053 /* 90-lifebuoy.png */,
				7A0C48841C323A0100E68053 /* 91-beaker2.png */,
				7A0C48851C323A0100E68053 /* 92-testtube.png */,
				7A0C48861C323A0100E68053 /* 93-thermometer.png */,
				7A0C48871C323A0100E68053 /* 94-pill.png */,
				7A0C48881C323A0100E68053 /* 95-equalizer.png */,
				7A0C48891C323A0100E68053 /* 96-book.png */,
				7A0C488A1C323A0100E68053 /* 97-puzzle.png */,
				7A0C488B1C323A0100E68053 /* 98-palette.png */,
				7A0C488C1C323A0100E68053 /* 99-umbrella.png */,
				7A0C488D1C323A0100E68053 /* tabBar.png */,
			);
			path = icons;
			sourceTree = "<group>";
		};
		8B989F6249775D5BB0826B03 /* Pods */ = {
			isa = PBXGroup;
			children = (
				F784EC014EAA2C277EDD02F8 /* Pods.debug.xcconfig */,
				2CE4272E06F9D9020530F403 /* Pods.release.xcconfig */,
			);
			name = Pods;
			sourceTree = "<group>";
		};
		F93C5F2A3930FE42A1D1900F /* Frameworks */ = {
			isa = PBXGroup;
			children = (
				6993B875FC6C93EA649AA71E /* libPods.a */,
			);
			name = Frameworks;
			sourceTree = "<group>";
		};
/* End PBXGroup section */

/* Begin PBXNativeTarget section */
		7A0C47FD1C32229400E68053 /* ProjectOne */ = {
			isa = PBXNativeTarget;
			buildConfigurationList = 7A0C480F1C32229500E68053 /* Build configuration list for PBXNativeTarget "ProjectOne" */;
			buildPhases = (
				948ECB4A719D1235A87B2C87 /* Check Pods Manifest.lock */,
				7A0C47FA1C32229400E68053 /* Sources */,
				7A0C47FB1C32229400E68053 /* Frameworks */,
				7A0C47FC1C32229400E68053 /* Resources */,
				0BD91F9B2EC06CB59767AD30 /* Embed Pods Frameworks */,
				F45ABA284CD18AF3F05E5904 /* Copy Pods Resources */,
			);
			buildRules = (
			);
			dependencies = (
			);
			name = ProjectOne;
			productName = ProjectOne;
			productReference = 7A0C47FE1C32229400E68053 /* ProjectOne.app */;
			productType = "com.apple.product-type.application";
		};
/* End PBXNativeTarget section */

/* Begin PBXProject section */
		7A0C47F61C32229400E68053 /* Project object */ = {
			isa = PBXProject;
			attributes = {
				LastUpgradeCheck = 0720;
				ORGANIZATIONNAME = scjy;
				TargetAttributes = {
					7A0C47FD1C32229400E68053 = {
						CreatedOnToolsVersion = 7.2;
					};
				};
			};
			buildConfigurationList = 7A0C47F91C32229400E68053 /* Build configuration list for PBXProject "ProjectOne" */;
			compatibilityVersion = "Xcode 3.2";
			developmentRegion = English;
			hasScannedForEncodings = 0;
			knownRegions = (
				en,
				Base,
			);
			mainGroup = 7A0C47F51C32229400E68053;
			productRefGroup = 7A0C47FF1C32229400E68053 /* Products */;
			projectDirPath = "";
			projectRoot = "";
			targets = (
				7A0C47FD1C32229400E68053 /* ProjectOne */,
			);
		};
/* End PBXProject section */

/* Begin PBXResourcesBuildPhase section */
		7A0C47FC1C32229400E68053 /* Resources */ = {
			isa = PBXResourcesBuildPhase;
			buildActionMask = 2147483647;
			files = (
				7A0C48AB1C323A0100E68053 /* 19-gear.png in Resources */,
				7A0C48F81C323A0100E68053 /* 96-book.png in Resources */,
				7A0C48B11C323A0100E68053 /* 25-weather.png in Resources */,
				7A0C48EB1C323A0100E68053 /* 83-calendar.png in Resources */,
				7A0C48921C323A0100E68053 /* 05-shuffle.png in Resources */,
				7A0C48E81C323A0100E68053 /* 80-shopping-cart.png in Resources */,
				7A0C48C11C323A0100E68053 /* 41-picture-frame.png in Resources */,
				7A0C48A81C323A0100E68053 /* 16-line-chart.png in Resources */,
				7A0C48ED1C323A0100E68053 /* 85-trophy.png in Resources */,
				7A0C48971C323A0100E68053 /* 10-medical.png in Resources */,
				7A0C489B1C323A0100E68053 /* 103-map.png in Resources */,
				7A0C48C91C323A0100E68053 /* 49-battery.png in Resources */,
				7A0C48A61C323A0100E68053 /* 14-tag.png in Resources */,
				7A0C489F1C323A0100E68053 /* 107-widescreen.png in Resources */,
				7A0C48C71C323A0100E68053 /* 47-fuel.png in Resources */,
				7A0C48C31C323A0100E68053 /* 43-film-roll.png in Resources */,
				7A0C48BF1C323A0100E68053 /* 39-spraycan.png in Resources */,
				7A0C48EE1C323A0100E68053 /* 86-camera.png in Resources */,
				7A0C48951C323A0100E68053 /* 08-chat.png in Resources */,
				7A0C48E41C323A0100E68053 /* 76-baby.png in Resources */,
				7A0C488F1C323A0100E68053 /* 02-redo.png in Resources */,
				7A0C48BB1C323A0100E68053 /* 35-shopping-bag.png in Resources */,
				7A0C48F01C323A0100E68053 /* 88-beermug.png in Resources */,
				7A0C48E91C323A0100E68053 /* 81-dashboard.png in Resources */,
				7A0C48CB1C323A0100E68053 /* 51-outlet.png in Resources */,
				7A0C48FC1C323A0100E68053 /* tabBar.png in Resources */,
				7A0C48C41C323A0100E68053 /* 44-shoebox.png in Resources */,
				7A0C48901C323A0100E68053 /* 03-loopback.png in Resources */,
				7A0C48911C323A0100E68053 /* 04-squiggle.png in Resources */,
				7A0C48E71C323A0100E68053 /* 79-medical-bag.png in Resources */,
				7AF8C36C1C32268600085C11 /* file.plist in Resources */,
				7A0C48B31C323A0100E68053 /* 27-planet.png in Resources */,
				7A0C48D41C323A0100E68053 /* 60-signpost.png in Resources */,
				7A0C48081C32229400E68053 /* Assets.xcassets in Resources */,
				7A0C48E11C323A0100E68053 /* 73-radar.png in Resources */,
				7A0C48CF1C323A0100E68053 /* 55-network.png in Resources */,
				7A0C48D51C323A0100E68053 /* 61-brightness.png in Resources */,
				7A0C48DE1C323A0100E68053 /* 70-tv.png in Resources */,
				7A0C48AE1C323A0100E68053 /* 22-skull-n-crossbones.png in Resources */,
				7A0C48A21C323A0100E68053 /* 11-clock.png in Resources */,
				7A0C48F11C323A0100E68053 /* 89-dumbbell.png in Resources */,
				7A0C48D11C323A0100E68053 /* 57-download.png in Resources */,
				7A0C48F31C323A0100E68053 /* 91-beaker2.png in Resources */,
				7A0C48D61C323A0100E68053 /* 62-contrast.png in Resources */,
				7A0C48A11C323A0100E68053 /* 109-chicken.png in Resources */,
				7A0C48E31C323A0100E68053 /* 75-phone.png in Resources */,
				7A0C48F41C323A0100E68053 /* 92-testtube.png in Resources */,
				7A0C48E01C323A0100E68053 /* 72-pin.png in Resources */,
				7A0C48961C323A0100E68053 /* 09-chat2.png in Resources */,
				7A0C488E1C323A0100E68053 /* 01-refresh.png in Resources */,
				7A0C48A71C323A0100E68053 /* 15-tags.png in Resources */,
				7A0C48D01C323A0100E68053 /* 56-cloud.png in Resources */,
				7A0C48B51C323A0100E68053 /* 29-heart.png in Resources */,
				7A0C48AF1C323A0100E68053 /* 23-bird.png in Resources */,
				7A0C48D21C323A0100E68053 /* 58-bookmark.png in Resources */,
				7A0C48BD1C323A0100E68053 /* 37-suitcase.png in Resources */,
				7A0C48B81C323A0100E68053 /* 32-iphone.png in Resources */,
				7A0C48DB1C323A0100E68053 /* 67-tshirt.png in Resources */,
				7A0C48DD1C323A0100E68053 /* 69-display.png in Resources */,
				7A0C48BE1C323A0100E68053 /* 38-airplane.png in Resources */,
				7A0C48B91C323A0100E68053 /* 33-cabinet.png in Resources */,
				7A0C48C81C323A0100E68053 /* 48-fork-and-knife.png in Resources */,
				7A0C48CC1C323A0100E68053 /* 52-pinetree.png in Resources */,
				7A0C48FA1C323A0100E68053 /* 98-palette.png in Resources */,
				7A0C48FB1C323A0100E68053 /* 99-umbrella.png in Resources */,
				7A0C48941C323A0100E68053 /* 07-map-marker.png in Resources */,
				7A0C48981C323A0100E68053 /* 100-coffee.png in Resources */,
				7A0C48D91C323A0100E68053 /* 65-note.png in Resources */,
				7A0C48EA1C323A0100E68053 /* 82-dogpaw.png in Resources */,
				7A0C48A41C323A0100E68053 /* 12-eye.png in Resources */,
				7A0C48A91C323A0100E68053 /* 17-bar-chart.png in Resources */,
				7A0C48DA1C323A0100E68053 /* 66-microphone.png in Resources */,
				7A0C480B1C32229500E68053 /* LaunchScreen.storyboard in Resources */,
				7A0C48EC1C323A0100E68053 /* 84-lightbulb.png in Resources */,
				7A0C48E51C323A0100E68053 /* 77-ekg.png in Resources */,
				7A0C48C61C323A0100E68053 /* 46-movie2.png in Resources */,
				7A0C48AA1C323A0100E68053 /* 18-envelope.png in Resources */,
				7A0C489C1C323A0100E68053 /* 104-index-cards.png in Resources */,
				7A0C48D31C323A0100E68053 /* 59-flag.png in Resources */,
				7A0C48C01C323A0100E68053 /* 40-inbox.png in Resources */,
				7A0C48D71C323A0100E68053 /* 63-runner.png in Resources */,
				7A0C48B61C323A0100E68053 /* 30-key.png in Resources */,
				7A0C48991C323A0100E68053 /* 101-gameplan.png in Resources */,
				7A0C48DC1C323A0100E68053 /* 68-paperclip.png in Resources */,
				7A0C48C21C323A0100E68053 /* 42-photos.png in Resources */,
				7A0C48AD1C323A0100E68053 /* 21-skull.png in Resources */,
				7A0C48EF1C323A0100E68053 /* 87-wineglass.png in Resources */,
				7A0C48B01C323A0100E68053 /* 24-gift.png in Resources */,
				7A0C48C51C323A0100E68053 /* 45-movie1.png in Resources */,
				7A0C48F51C323A0100E68053 /* 93-thermometer.png in Resources */,
				7A0C48A01C323A0100E68053 /* 108-badge.png in Resources */,
				7A0C48CE1C323A0100E68053 /* 54-lock.png in Resources */,
				7A0C48A51C323A0100E68053 /* 13-target.png in Resources */,
				7A0C48F61C323A0100E68053 /* 94-pill.png in Resources */,
				7A0C48B21C323A0100E68053 /* 26-bandaid.png in Resources */,
				7A0C48CD1C323A0100E68053 /* 53-house.png in Resources */,
				7A0C48BC1C323A0100E68053 /* 36-toolbox.png in Resources */,
				7A0C48E21C323A0100E68053 /* 74-location.png in Resources */,
				7A0C48B41C323A0100E68053 /* 28-star.png in Resources */,
				7A0C489E1C323A0100E68053 /* 106-sliders.png in Resources */,
				7A0C48AC1C323A0100E68053 /* 20-gear2.png in Resources */,
				7A0C48B71C323A0100E68053 /* 31-ipod.png in Resources */,
				7A0C48A31C323A0100E68053 /* 110-bug.png in Resources */,
				7A0C48F21C323A0100E68053 /* 90-lifebuoy.png in Resources */,
				7A0C48BA1C323A0100E68053 /* 34-coffee.png in Resources */,
				7A0C48DF1C323A0100E68053 /* 71-compass.png in Resources */,
				7A0C48D81C323A0100E68053 /* 64-zap.png in Resources */,
				7A0C48CA1C323A0100E68053 /* 50-beaker.png in Resources */,
				7A0C48F71C323A0100E68053 /* 95-equalizer.png in Resources */,
				7A0C48E61C323A0100E68053 /* 78-stopwatch.png in Resources */,
				7A0C489D1C323A0100E68053 /* 105-piano.png in Resources */,
				7A0C48F91C323A0100E68053 /* 97-puzzle.png in Resources */,
				7A0C489A1C323A0100E68053 /* 102-walk.png in Resources */,
				7A0C48931C323A0100E68053 /* 06-magnifying-glass.png in Resources */,
			);
			runOnlyForDeploymentPostprocessing = 0;
		};
/* End PBXResourcesBuildPhase section */

/* Begin PBXShellScriptBuildPhase section */
		0BD91F9B2EC06CB59767AD30 /* Embed Pods Frameworks */ = {
			isa = PBXShellScriptBuildPhase;
			buildActionMask = 2147483647;
			files = (
			);
			inputPaths = (
			);
			name = "Embed Pods Frameworks";
			outputPaths = (
			);
			runOnlyForDeploymentPostprocessing = 0;
			shellPath = /bin/sh;
			shellScript = "\"${SRCROOT}/Pods/Target Support Files/Pods/Pods-frameworks.sh\"\n";
			showEnvVarsInLog = 0;
		};
		948ECB4A719D1235A87B2C87 /* Check Pods Manifest.lock */ = {
			isa = PBXShellScriptBuildPhase;
			buildActionMask = 2147483647;
			files = (
			);
			inputPaths = (
			);
			name = "Check Pods Manifest.lock";
			outputPaths = (
			);
			runOnlyForDeploymentPostprocessing = 0;
			shellPath = /bin/sh;
			shellScript = "diff \"${PODS_ROOT}/../Podfile.lock\" \"${PODS_ROOT}/Manifest.lock\" > /dev/null\nif [[ $? != 0 ]] ; then\n    cat << EOM\nerror: The sandbox is not in sync with the Podfile.lock. Run 'pod install' or update your CocoaPods installation.\nEOM\n    exit 1\nfi\n";
			showEnvVarsInLog = 0;
		};
		F45ABA284CD18AF3F05E5904 /* Copy Pods Resources */ = {
			isa = PBXShellScriptBuildPhase;
			buildActionMask = 2147483647;
			files = (
			);
			inputPaths = (
			);
			name = "Copy Pods Resources";
			outputPaths = (
			);
			runOnlyForDeploymentPostprocessing = 0;
			shellPath = /bin/sh;
			shellScript = "\"${SRCROOT}/Pods/Target Support Files/Pods/Pods-resources.sh\"\n";
			showEnvVarsInLog = 0;
		};
/* End PBXShellScriptBuildPhase section */

/* Begin PBXSourcesBuildPhase section */
		7A0C47FA1C32229400E68053 /* Sources */ = {
			isa = PBXSourcesBuildPhase;
			buildActionMask = 2147483647;
			files = (
				7A0C481D1C322A0A00E68053 /* OneModel.m in Sources */,
				019EF91E1C3260BD001C551A /* ThreeViewController.m in Sources */,
				7A7350CC1C3227B70084EB9C /* TwoTableViewCell.m in Sources */,
				7A0C48141C3222B300E68053 /* OneViewController.m in Sources */,
				7AF8C3751C32354800085C11 /* FourModel.m in Sources */,
				7AF8C3721C322DE300085C11 /* FourTableViewCell.m in Sources */,
				7A0C48061C32229400E68053 /* AppDelegate.m in Sources */,
				7A7350C91C3227A50084EB9C /* TwoModel.m in Sources */,
				7AF8C36F1C3226A600085C11 /* FourViewController.m in Sources */,
				019EF91C1C3260BD001C551A /* ThreeModel.m in Sources */,
				7A0C481A1C3229F900E68053 /* OneTableViewCell.m in Sources */,
				019EF91D1C3260BD001C551A /* ThreeTableViewCell.m in Sources */,
				7A7350C61C3227300084EB9C /* TwoViewController.m in Sources */,
				7A0C48031C32229400E68053 /* main.m in Sources */,
			);
			runOnlyForDeploymentPostprocessing = 0;
		};
/* End PBXSourcesBuildPhase section */

/* Begin PBXVariantGroup section */
		7A0C48091C32229500E68053 /* LaunchScreen.storyboard */ = {
			isa = PBXVariantGroup;
			children = (
				7A0C480A1C32229500E68053 /* Base */,
			);
			name = LaunchScreen.storyboard;
			sourceTree = "<group>";
		};
/* End PBXVariantGroup section */

/* Begin XCBuildConfiguration section */
		7A0C480D1C32229500E68053 /* Debug */ = {
			isa = XCBuildConfiguration;
			buildSettings = {
				ALWAYS_SEARCH_USER_PATHS = NO;
				CLANG_CXX_LANGUAGE_STANDARD = "gnu++0x";
				CLANG_CXX_LIBRARY = "libc++";
				CLANG_ENABLE_MODULES = YES;
				CLANG_ENABLE_OBJC_ARC = YES;
				CLANG_WARN_BOOL_CONVERSION = YES;
				CLANG_WARN_CONSTANT_CONVERSION = YES;
				CLANG_WARN_DIRECT_OBJC_ISA_USAGE = YES_ERROR;
				CLANG_WARN_EMPTY_BODY = YES;
				CLANG_WARN_ENUM_CONVERSION = YES;
				CLANG_WARN_INT_CONVERSION = YES;
				CLANG_WARN_OBJC_ROOT_CLASS = YES_ERROR;
				CLANG_WARN_UNREACHABLE_CODE = YES;
				CLANG_WARN__DUPLICATE_METHOD_MATCH = YES;
				"CODE_SIGN_IDENTITY[sdk=iphoneos*]" = "iPhone Developer";
				COPY_PHASE_STRIP = NO;
				DEBUG_INFORMATION_FORMAT = dwarf;
				ENABLE_STRICT_OBJC_MSGSEND = YES;
				ENABLE_TESTABILITY = YES;
				GCC_C_LANGUAGE_STANDARD = gnu99;
				GCC_DYNAMIC_NO_PIC = NO;
				GCC_NO_COMMON_BLOCKS = YES;
				GCC_OPTIMIZATION_LEVEL = 0;
				GCC_PREPROCESSOR_DEFINITIONS = (
					"DEBUG=1",
					"$(inherited)",
				);
				GCC_WARN_64_TO_32_BIT_CONVERSION = YES;
				GCC_WARN_ABOUT_RETURN_TYPE = YES_ERROR;
				GCC_WARN_UNDECLARED_SELECTOR = YES;
				GCC_WARN_UNINITIALIZED_AUTOS = YES_AGGRESSIVE;
				GCC_WARN_UNUSED_FUNCTION = YES;
				GCC_WARN_UNUSED_VARIABLE = YES;
				IPHONEOS_DEPLOYMENT_TARGET = 9.2;
				MTL_ENABLE_DEBUG_INFO = YES;
				ONLY_ACTIVE_ARCH = YES;
				SDKROOT = iphoneos;
			};
			name = Debug;
		};
		7A0C480E1C32229500E68053 /* Release */ = {
			isa = XCBuildConfiguration;
			buildSettings = {
				ALWAYS_SEARCH_USER_PATHS = NO;
				CLANG_CXX_LANGUAGE_STANDARD = "gnu++0x";
				CLANG_CXX_LIBRARY = "libc++";
				CLANG_ENABLE_MODULES = YES;
				CLANG_ENABLE_OBJC_ARC = YES;
				CLANG_WARN_BOOL_CONVERSION = YES;
				CLANG_WARN_CONSTANT_CONVERSION = YES;
				CLANG_WARN_DIRECT_OBJC_ISA_USAGE = YES_ERROR;
				CLANG_WARN_EMPTY_BODY = YES;
				CLANG_WARN_ENUM_CONVERSION = YES;
				CLANG_WARN_INT_CONVERSION = YES;
				CLANG_WARN_OBJC_ROOT_CLASS = YES_ERROR;
				CLANG_WARN_UNREACHABLE_CODE = YES;
				CLANG_WARN__DUPLICATE_METHOD_MATCH = YES;
				"CODE_SIGN_IDENTITY[sdk=iphoneos*]" = "iPhone Developer";
				COPY_PHASE_STRIP = NO;
				DEBUG_INFORMATION_FORMAT = "dwarf-with-dsym";
				ENABLE_NS_ASSERTIONS = NO;
				ENABLE_STRICT_OBJC_MSGSEND = YES;
				GCC_C_LANGUAGE_STANDARD = gnu99;
				GCC_NO_COMMON_BLOCKS = YES;
				GCC_WARN_64_TO_32_BIT_CONVERSION = YES;
				GCC_WARN_ABOUT_RETURN_TYPE = YES_ERROR;
				GCC_WARN_UNDECLARED_SELECTOR = YES;
				GCC_WARN_UNINITIALIZED_AUTOS = YES_AGGRESSIVE;
				GCC_WARN_UNUSED_FUNCTION = YES;
				GCC_WARN_UNUSED_VARIABLE = YES;
				IPHONEOS_DEPLOYMENT_TARGET = 9.2;
				MTL_ENABLE_DEBUG_INFO = NO;
				SDKROOT = iphoneos;
				VALIDATE_PRODUCT = YES;
			};
			name = Release;
		};
		7A0C48101C32229500E68053 /* Debug */ = {
			isa = XCBuildConfiguration;
			baseConfigurationReference = F784EC014EAA2C277EDD02F8 /* Pods.debug.xcconfig */;
			buildSettings = {
				ASSETCATALOG_COMPILER_APPICON_NAME = AppIcon;
				INFOPLIST_FILE = ProjectOne/Info.plist;
				LD_RUNPATH_SEARCH_PATHS = "$(inherited) @executable_path/Frameworks";
				PRODUCT_BUNDLE_IDENTIFIER = zhangli.ProjectOne;
				PRODUCT_NAME = "$(TARGET_NAME)";
			};
			name = Debug;
		};
		7A0C48111C32229500E68053 /* Release */ = {
			isa = XCBuildConfiguration;
			baseConfigurationReference = 2CE4272E06F9D9020530F403 /* Pods.release.xcconfig */;
			buildSettings = {
				ASSETCATALOG_COMPILER_APPICON_NAME = AppIcon;
				INFOPLIST_FILE = ProjectOne/Info.plist;
				LD_RUNPATH_SEARCH_PATHS = "$(inherited) @executable_path/Frameworks";
				PRODUCT_BUNDLE_IDENTIFIER = zhangli.ProjectOne;
				PRODUCT_NAME = "$(TARGET_NAME)";
			};
			name = Release;
		};
/* End XCBuildConfiguration section */

/* Begin XCConfigurationList section */
		7A0C47F91C32229400E68053 /* Build configuration list for PBXProject "ProjectOne" */ = {
			isa = XCConfigurationList;
			buildConfigurations = (
				7A0C480D1C32229500E68053 /* Debug */,
				7A0C480E1C32229500E68053 /* Release */,
			);
			defaultConfigurationIsVisible = 0;
			defaultConfigurationName = Release;
		};
		7A0C480F1C32229500E68053 /* Build configuration list for PBXNativeTarget "ProjectOne" */ = {
			isa = XCConfigurationList;
			buildConfigurations = (
				7A0C48101C32229500E68053 /* Debug */,
				7A0C48111C32229500E68053 /* Release */,
			);
			defaultConfigurationIsVisible = 0;
			defaultConfigurationName = Release;
		};
/* End XCConfigurationList section */
	};
	rootObject = 7A0C47F61C32229400E68053 /* Project object */;
}
